
Microsoft Visual Studio Solution File, Format Version 12.00
# Visual Studio Version 17
VisualStudioVersion = 17.0.31903.59
MinimumVisualStudioVersion = 10.0.40219.1
Project("{FAE04EC0-301F-11D3-BF4B-00C04F79EFBC}") = "HashTool", "HashTool\HashTool.csproj", "{0BCDEDF5-C734-4BDB-A260-C1F06C81F454}"
EndProject
Global
	GlobalSection(SolutionConfigurationPlatforms) = preSolution
		Debug|Any CPU = Debug|Any CPU
		Release|Any CPU = Release|Any CPU
	EndGlobalSection
	GlobalSection(ProjectConfigurationPlatforms) = postSolution
		{0BCDEDF5-C734-4BDB-A260-C1F06C81F454}.Debug|Any CPU.ActiveCfg = Debug|Any CPU
		{0BCDEDF5-C734-4BDB-A260-C1F06C81F454}.Debug|Any CPU.Build.0 = Debug|Any CPU
		{0BCDEDF5-C734-4BDB-A260-C1F06C81F454}.Release|Any CPU.ActiveCfg = Release|Any CPU
		{0BCDEDF5-C734-4BDB-A260-C1F06C81F454}.Release|Any CPU.Build.0 = Release|Any CPU
	EndGlobalSection
	GlobalSection(SolutionProperties) = preSolution
		HideSolutionNode = FALSE
	EndGlobalSection
	GlobalSection(ExtensibilityGlobals) = postSolution
		SolutionGuid = {68A38A42-8340-4BC0-98C9-0CA856BE8A33}
	EndGlobalSection
EndGlobal
