{
  "version": 1,
  "dependencies": {
    "net6.0-windows7.0": {
      "HandyControl": {
        "type": "Direct",
        "requested": "[3.3.0, )",
        "resolved": "3.3.0",
        "contentHash": "LY38yByPYXOP2kfQkneedgSE+Ps6XWsXId9hBoEgvef4/mdToqWNSueA6kg1u/nKCV1E8zdpI+ZvevDnlyF10Q=="
      },
      "Microsoft.Toolkit.Mvvm": {
        "type": "Direct",
        "requested": "[7.1.2, )",
        "resolved": "7.1.2",
        "contentHash": "tUQn6ar9oP7kmYaZ6pWabxpQaqw95Bsf+GG7prEL0y5MV5F60z76lI/Ppps9zcTqwd7e5CrdZBcdfor9WuvohA=="
      },
      "SharpHash": {
        "type": "Direct",
        "requested": "[1.1.0, )",
        "resolved": "1.1.0",
        "contentHash": "JeKnuhp9ujFra20iiN+aqBZR1zxa/7xfbwCDXH7EnPOlPOl9/1d/+LsMnpr6YzPzn8NWLHhDj/VPL8tVzdlPmg==",
        "dependencies": {
          "System.Runtime.CompilerServices.Unsafe": "4.7.0"
        }
      },
      "System.Text.Encoding.CodePages": {
        "type": "Direct",
        "requested": "[6.0.0, )",
        "resolved": "6.0.0",
        "contentHash": "ZFCILZuOvtKPauZ/j/swhvw68ZRi9ATCfvGbk1QfydmcXBkIWecWKn/250UH7rahZ5OoDBaiAudJtPvLwzw85A==",
        "dependencies": {
          "System.Runtime.CompilerServices.Unsafe": "6.0.0"
        }
      },
      "YamlDotNet": {
        "type": "Direct",
        "requested": "[11.2.1, )",
        "resolved": "11.2.1",
        "contentHash": "tBt8K+korVfrjH9wyDEhiLKxbs8qoLCLIFwvYgkSUuMC9//w3z0cFQ8LQAI/5MCKq+BMil0cfRTRvPeE7eXhQw=="
      },
      "System.Runtime.CompilerServices.Unsafe": {
        "type": "Transitive",
        "resolved": "6.0.0",
        "contentHash": "/iUeP3tq1S0XdNNoMz5C9twLSrM/TH+qElHkXWaPvuNOt+99G75NrV0OS2EqHx5wMN7popYjpc8oTjC1y16DLg=="
      }
    }
  }
}