{
  "version": 1,
  "dependencies": {
    "net6.0-windows7.0": {
      "CommunityToolkit.Mvvm": {
        "type": "Direct",
        "requested": "[8.0.0, )",
        "resolved": "8.0.0",
        "contentHash": "Jiu2g5WUdXRwzhJkHB+B4JBKP5A5+fp8xKiW/ZQo5PI+DruI7MbPEcK9K/Aw0YzTiWRuG6CBluzYIWN5Eo7BkQ=="
      },
      "HandyControl": {
        "type": "Direct",
        "requested": "[3.3.0, )",
        "resolved": "3.3.0",
        "contentHash": "LY38yByPYXOP2kfQkneedgSE+Ps6XWsXId9hBoEgvef4/mdToqWNSueA6kg1u/nKCV1E8zdpI+ZvevDnlyF10Q=="
      },
      "HashLib4CSharp": {
        "type": "Direct",
        "requested": "[1.5.0, )",
        "resolved": "1.5.0",
        "contentHash": "vM6ugjlTuRkmZl10r+DwOaTQ9VQYhWT3gn6FPwhjGl0iB8e2m6WIMwlR1fW/Bt6Te9qO8eHwlFhtPxpSJBIcZw==",
        "dependencies": {
          "Microsoft.CSharp": "4.7.0",
          "System.Runtime.CompilerServices.Unsafe": "4.7.1"
        }
      },
      "YamlDotNet": {
        "type": "Direct",
        "requested": "[12.0.1, )",
        "resolved": "12.0.1",
        "contentHash": "MltVIOIX817Uz/TFkPSaZImdzB86X/k8QY0kFBQx6KI6GsKOk3rIlrptOhb28O0RD2WnibMoYLnCQnqfYduvaw=="
      },
      "Microsoft.CSharp": {
        "type": "Transitive",
        "resolved": "4.7.0",
        "contentHash": "pTj+D3uJWyN3My70i2Hqo+OXixq3Os2D1nJ2x92FFo6sk8fYS1m1WLNTs0Dc1uPaViH0YvEEwvzddQ7y4rhXmA=="
      },
      "System.Runtime.CompilerServices.Unsafe": {
        "type": "Transitive",
        "resolved": "4.7.1",
        "contentHash": "zOHkQmzPCn5zm/BH+cxC1XbUS3P4Yoi3xzW7eRgVpDR2tPGSzyMZ17Ig1iRkfJuY0nhxkQQde8pgePNiA7z7TQ=="
      }
    }
  }
}